
Microsoft Visual Studio Solution File, Format Version 12.00
# Visual Studio Version 17
VisualStudioVersion = 17.11.35219.272
MinimumVisualStudioVersion = 10.0.40219.1
Project("{FAE04EC0-301F-11D3-BF4B-00C04F79EFBC}") = "SessionAspCore", "SessionAspCore\SessionAspCore.csproj", "{56EBD7B1-416B-4996-83C2-1AEA8DBAFFD3}"
EndProject
Global
	GlobalSection(SolutionConfigurationPlatforms) = preSolution
		Debug|Any CPU = Debug|Any CPU
		Release|Any CPU = Release|Any CPU
	EndGlobalSection
	GlobalSection(ProjectConfigurationPlatforms) = postSolution
		{56EBD7B1-416B-4996-83C2-1AEA8DBAFFD3}.Debug|Any CPU.ActiveCfg = Debug|Any CPU
		{56EBD7B1-416B-4996-83C2-1AEA8DBAFFD3}.Debug|Any CPU.Build.0 = Debug|Any CPU
		{56EBD7B1-416B-4996-83C2-1AEA8DBAFFD3}.Release|Any CPU.ActiveCfg = Release|Any CPU
		{56EBD7B1-416B-4996-83C2-1AEA8DBAFFD3}.Release|Any CPU.Build.0 = Release|Any CPU
	EndGlobalSection
	GlobalSection(SolutionProperties) = preSolution
		HideSolutionNode = FALSE
	EndGlobalSection
	GlobalSection(ExtensibilityGlobals) = postSolution
		SolutionGuid = {6A63C2F8-AEEC-42FA-B60D-EBF18DF43A35}
	EndGlobalSection
EndGlobal
