
Microsoft Visual Studio Solution File, Format Version 12.00
# Visual Studio Version 17
VisualStudioVersion = 17.11.35219.272
MinimumVisualStudioVersion = 10.0.40219.1
Project("{FAE04EC0-301F-11D3-BF4B-00C04F79EFBC}") = "LoginServer", "LoginServer\LoginServer.csproj", "{2724C2D2-504C-4423-B013-B07952B84F9C}"
EndProject
Global
	GlobalSection(SolutionConfigurationPlatforms) = preSolution
		Debug|Any CPU = Debug|Any CPU
		Release|Any CPU = Release|Any CPU
	EndGlobalSection
	GlobalSection(ProjectConfigurationPlatforms) = postSolution
		{2724C2D2-504C-4423-B013-B07952B84F9C}.Debug|Any CPU.ActiveCfg = Debug|Any CPU
		{2724C2D2-504C-4423-B013-B07952B84F9C}.Debug|Any CPU.Build.0 = Debug|Any CPU
		{2724C2D2-504C-4423-B013-B07952B84F9C}.Release|Any CPU.ActiveCfg = Release|Any CPU
		{2724C2D2-504C-4423-B013-B07952B84F9C}.Release|Any CPU.Build.0 = Release|Any CPU
	EndGlobalSection
	GlobalSection(SolutionProperties) = preSolution
		HideSolutionNode = FALSE
	EndGlobalSection
	GlobalSection(ExtensibilityGlobals) = postSolution
		SolutionGuid = {F1F14485-9E80-46E5-AD46-C0C81ADA3D9B}
	EndGlobalSection
EndGlobal
