
Microsoft Visual Studio Solution File, Format Version 12.00
# Visual Studio Version 17
VisualStudioVersion = 17.11.35219.272
MinimumVisualStudioVersion = 10.0.40219.1
Project("{FAE04EC0-301F-11D3-BF4B-00C04F79EFBC}") = "InterfaceReal", "InterfaceReal\InterfaceReal.csproj", "{F72065B4-4B69-47E6-9E2B-35D4287A93AB}"
EndProject
Project("{FAE04EC0-301F-11D3-BF4B-00C04F79EFBC}") = "CardLibrary", "CardLibrary\CardLibrary.csproj", "{C3028B16-DF06-4778-9000-3BB3A91EDB37}"
EndProject
Global
	GlobalSection(SolutionConfigurationPlatforms) = preSolution
		Debug|Any CPU = Debug|Any CPU
		Release|Any CPU = Release|Any CPU
	EndGlobalSection
	GlobalSection(ProjectConfigurationPlatforms) = postSolution
		{F72065B4-4B69-47E6-9E2B-35D4287A93AB}.Debug|Any CPU.ActiveCfg = Debug|Any CPU
		{F72065B4-4B69-47E6-9E2B-35D4287A93AB}.Debug|Any CPU.Build.0 = Debug|Any CPU
		{F72065B4-4B69-47E6-9E2B-35D4287A93AB}.Release|Any CPU.ActiveCfg = Release|Any CPU
		{F72065B4-4B69-47E6-9E2B-35D4287A93AB}.Release|Any CPU.Build.0 = Release|Any CPU
		{C3028B16-DF06-4778-9000-3BB3A91EDB37}.Debug|Any CPU.ActiveCfg = Debug|Any CPU
		{C3028B16-DF06-4778-9000-3BB3A91EDB37}.Debug|Any CPU.Build.0 = Debug|Any CPU
		{C3028B16-DF06-4778-9000-3BB3A91EDB37}.Release|Any CPU.ActiveCfg = Release|Any CPU
		{C3028B16-DF06-4778-9000-3BB3A91EDB37}.Release|Any CPU.Build.0 = Release|Any CPU
	EndGlobalSection
	GlobalSection(SolutionProperties) = preSolution
		HideSolutionNode = FALSE
	EndGlobalSection
	GlobalSection(ExtensibilityGlobals) = postSolution
		SolutionGuid = {685CCDD0-B948-4982-9D72-CA343F794C5D}
	EndGlobalSection
EndGlobal
