
Microsoft Visual Studio Solution File, Format Version 12.00
# Visual Studio Version 17
VisualStudioVersion = 17.11.35219.272
MinimumVisualStudioVersion = 10.0.40219.1
Project("{9A19103F-16F7-4668-BE54-9A1E7A4F7556}") = "LoginFormAspCore", "LoginFormAspCore\LoginFormAspCore.csproj", "{C59F9542-58FC-495D-8CA3-912DA7DAFC45}"
EndProject
Project("{FAE04EC0-301F-11D3-BF4B-00C04F79EFBC}") = "ConsoleApp1", "ConsoleApp1\ConsoleApp1.csproj", "{E17142EB-B80B-4416-ABD9-F181F9871BE3}"
EndProject
Global
	GlobalSection(SolutionConfigurationPlatforms) = preSolution
		Debug|Any CPU = Debug|Any CPU
		Release|Any CPU = Release|Any CPU
	EndGlobalSection
	GlobalSection(ProjectConfigurationPlatforms) = postSolution
		{C59F9542-58FC-495D-8CA3-912DA7DAFC45}.Debug|Any CPU.ActiveCfg = Debug|Any CPU
		{C59F9542-58FC-495D-8CA3-912DA7DAFC45}.Debug|Any CPU.Build.0 = Debug|Any CPU
		{C59F9542-58FC-495D-8CA3-912DA7DAFC45}.Release|Any CPU.ActiveCfg = Release|Any CPU
		{C59F9542-58FC-495D-8CA3-912DA7DAFC45}.Release|Any CPU.Build.0 = Release|Any CPU
		{E17142EB-B80B-4416-ABD9-F181F9871BE3}.Debug|Any CPU.ActiveCfg = Debug|Any CPU
		{E17142EB-B80B-4416-ABD9-F181F9871BE3}.Debug|Any CPU.Build.0 = Debug|Any CPU
		{E17142EB-B80B-4416-ABD9-F181F9871BE3}.Release|Any CPU.ActiveCfg = Release|Any CPU
		{E17142EB-B80B-4416-ABD9-F181F9871BE3}.Release|Any CPU.Build.0 = Release|Any CPU
	EndGlobalSection
	GlobalSection(SolutionProperties) = preSolution
		HideSolutionNode = FALSE
	EndGlobalSection
	GlobalSection(ExtensibilityGlobals) = postSolution
		SolutionGuid = {EE2D4E0D-14DF-42E0-AC34-F47BD35981F2}
	EndGlobalSection
EndGlobal
